// !$*UTF8*$!
{
	archiveVersion = 1;
	classes = {
	};
	objectVersion = 56;
	objects = {

/* Begin PBXBuildFile section */
		75BDAB7D29BB8E100022100C /* SecondViewController.swift in Sources */ = {isa = PBXBuildFile; fileRef = 75BDAB7C29BB8E100022100C /* SecondViewController.swift */; };
		75BDAB8129BBA3BA0022100C /* ModalScreenViewController.swift in Sources */ = {isa = PBXBuildFile; fileRef = 75BDAB8029BBA3BA0022100C /* ModalScreenViewController.swift */; };
		75E6FB5329BA4D350001F1FA /* AppDelegate.swift in Sources */ = {isa = PBXBuildFile; fileRef = 75E6FB5229BA4D350001F1FA /* AppDelegate.swift */; };
		75E6FB5529BA4D350001F1FA /* SceneDelegate.swift in Sources */ = {isa = PBXBuildFile; fileRef = 75E6FB5429BA4D350001F1FA /* SceneDelegate.swift */; };
		75E6FB5729BA4D350001F1FA /* ViewController.swift in Sources */ = {isa = PBXBuildFile; fileRef = 75E6FB5629BA4D350001F1FA /* ViewController.swift */; };
		75E6FB5A29BA4D350001F1FA /* Main.storyboard in Resources */ = {isa = PBXBuildFile; fileRef = 75E6FB5829BA4D350001F1FA /* Main.storyboard */; };
		75E6FB5C29BA4D360001F1FA /* Assets.xcassets in Resources */ = {isa = PBXBuildFile; fileRef = 75E6FB5B29BA4D360001F1FA /* Assets.xcassets */; };
		75E6FB5F29BA4D360001F1FA /* LaunchScreen.storyboard in Resources */ = {isa = PBXBuildFile; fileRef = 75E6FB5D29BA4D360001F1FA /* LaunchScreen.storyboard */; };
		75E6FB6A29BA4D370001F1FA /* StreetFightersTests.swift in Sources */ = {isa = PBXBuildFile; fileRef = 75E6FB6929BA4D370001F1FA /* StreetFightersTests.swift */; };
		75E6FB7429BA4D370001F1FA /* StreetFightersUITests.swift in Sources */ = {isa = PBXBuildFile; fileRef = 75E6FB7329BA4D370001F1FA /* StreetFightersUITests.swift */; };
		75E6FB7629BA4D370001F1FA /* StreetFightersUITestsLaunchTests.swift in Sources */ = {isa = PBXBuildFile; fileRef = 75E6FB7529BA4D370001F1FA /* StreetFightersUITestsLaunchTests.swift */; };
		75E6FB8429BA539E0001F1FA /* MyCustomTableViewCellXIB.swift in Sources */ = {isa = PBXBuildFile; fileRef = 75E6FB8229BA539E0001F1FA /* MyCustomTableViewCellXIB.swift */; };
		75E6FB8529BA539E0001F1FA /* MyCustomTableViewCellXIB.xib in Resources */ = {isa = PBXBuildFile; fileRef = 75E6FB8329BA539E0001F1FA /* MyCustomTableViewCellXIB.xib */; };
		75E6FB8729BA53C30001F1FA /* Game.swift in Sources */ = {isa = PBXBuildFile; fileRef = 75E6FB8629BA53C30001F1FA /* Game.swift */; };
/* End PBXBuildFile section */

/* Begin PBXContainerItemProxy section */
		75E6FB6629BA4D370001F1FA /* PBXContainerItemProxy */ = {
			isa = PBXContainerItemProxy;
			containerPortal = 75E6FB4729BA4D350001F1FA /* Project object */;
			proxyType = 1;
			remoteGlobalIDString = 75E6FB4E29BA4D350001F1FA;
			remoteInfo = StreetFighters;
		};
		75E6FB7029BA4D370001F1FA /* PBXContainerItemProxy */ = {
			isa = PBXContainerItemProxy;
			containerPortal = 75E6FB4729BA4D350001F1FA /* Project object */;
			proxyType = 1;
			remoteGlobalIDString = 75E6FB4E29BA4D350001F1FA;
			remoteInfo = StreetFighters;
		};
/* End PBXContainerItemProxy section */

/* Begin PBXFileReference section */
		75BDAB7C29BB8E100022100C /* SecondViewController.swift */ = {isa = PBXFileReference; lastKnownFileType = sourcecode.swift; path = SecondViewController.swift; sourceTree = "<group>"; };
		75BDAB8029BBA3BA0022100C /* ModalScreenViewController.swift */ = {isa = PBXFileReference; lastKnownFileType = sourcecode.swift; path = ModalScreenViewController.swift; sourceTree = "<group>"; };
		75E6FB4F29BA4D350001F1FA /* StreetFighters.app */ = {isa = PBXFileReference; explicitFileType = wrapper.application; includeInIndex = 0; path = StreetFighters.app; sourceTree = BUILT_PRODUCTS_DIR; };
		75E6FB5229BA4D350001F1FA /* AppDelegate.swift */ = {isa = PBXFileReference; lastKnownFileType = sourcecode.swift; path = AppDelegate.swift; sourceTree = "<group>"; };
		75E6FB5429BA4D350001F1FA /* SceneDelegate.swift */ = {isa = PBXFileReference; lastKnownFileType = sourcecode.swift; path = SceneDelegate.swift; sourceTree = "<group>"; };
		75E6FB5629BA4D350001F1FA /* ViewController.swift */ = {isa = PBXFileReference; lastKnownFileType = sourcecode.swift; path = ViewController.swift; sourceTree = "<group>"; };
		75E6FB5929BA4D350001F1FA /* Base */ = {isa = PBXFileReference; lastKnownFileType = file.storyboard; name = Base; path = Base.lproj/Main.storyboard; sourceTree = "<group>"; };
		75E6FB5B29BA4D360001F1FA /* Assets.xcassets */ = {isa = PBXFileReference; lastKnownFileType = folder.assetcatalog; path = Assets.xcassets; sourceTree = "<group>"; };
		75E6FB5E29BA4D360001F1FA /* Base */ = {isa = PBXFileReference; lastKnownFileType = file.storyboard; name = Base; path = Base.lproj/LaunchScreen.storyboard; sourceTree = "<group>"; };
		75E6FB6029BA4D360001F1FA /* Info.plist */ = {isa = PBXFileReference; lastKnownFileType = text.plist.xml; path = Info.plist; sourceTree = "<group>"; };
		75E6FB6529BA4D370001F1FA /* StreetFightersTests.xctest */ = {isa = PBXFileReference; explicitFileType = wrapper.cfbundle; includeInIndex = 0; path = StreetFightersTests.xctest; sourceTree = BUILT_PRODUCTS_DIR; };
		75E6FB6929BA4D370001F1FA /* StreetFightersTests.swift */ = {isa = PBXFileReference; lastKnownFileType = sourcecode.swift; path = StreetFightersTests.swift; sourceTree = "<group>"; };
		75E6FB6F29BA4D370001F1FA /* StreetFightersUITests.xctest */ = {isa = PBXFileReference; explicitFileType = wrapper.cfbundle; includeInIndex = 0; path = StreetFightersUITests.xctest; sourceTree = BUILT_PRODUCTS_DIR; };
		75E6FB7329BA4D370001F1FA /* StreetFightersUITests.swift */ = {isa = PBXFileReference; lastKnownFileType = sourcecode.swift; path = StreetFightersUITests.swift; sourceTree = "<group>"; };
		75E6FB7529BA4D370001F1FA /* StreetFightersUITestsLaunchTests.swift */ = {isa = PBXFileReference; lastKnownFileType = sourcecode.swift; path = StreetFightersUITestsLaunchTests.swift; sourceTree = "<group>"; };
		75E6FB8229BA539E0001F1FA /* MyCustomTableViewCellXIB.swift */ = {isa = PBXFileReference; lastKnownFileType = sourcecode.swift; path = MyCustomTableViewCellXIB.swift; sourceTree = "<group>"; };
		75E6FB8329BA539E0001F1FA /* MyCustomTableViewCellXIB.xib */ = {isa = PBXFileReference; lastKnownFileType = file.xib; path = MyCustomTableViewCellXIB.xib; sourceTree = "<group>"; };
		75E6FB8629BA53C30001F1FA /* Game.swift */ = {isa = PBXFileReference; lastKnownFileType = sourcecode.swift; path = Game.swift; sourceTree = "<group>"; };
/* End PBXFileReference section */

/* Begin PBXFrameworksBuildPhase section */
		75E6FB4C29BA4D350001F1FA /* Frameworks */ = {
			isa = PBXFrameworksBuildPhase;
			buildActionMask = 2147483647;
			files = (
			);
			runOnlyForDeploymentPostprocessing = 0;
		};
		75E6FB6229BA4D370001F1FA /* Frameworks */ = {
			isa = PBXFrameworksBuildPhase;
			buildActionMask = 2147483647;
			files = (
			);
			runOnlyForDeploymentPostprocessing = 0;
		};
		75E6FB6C29BA4D370001F1FA /* Frameworks */ = {
			isa = PBXFrameworksBuildPhase;
			buildActionMask = 2147483647;
			files = (
			);
			runOnlyForDeploymentPostprocessing = 0;
		};
/* End PBXFrameworksBuildPhase section */

/* Begin PBXGroup section */
		75E6FB4629BA4D350001F1FA = {
			isa = PBXGroup;
			children = (
				75E6FB5129BA4D350001F1FA /* StreetFighters */,
				75E6FB6829BA4D370001F1FA /* StreetFightersTests */,
				75E6FB7229BA4D370001F1FA /* StreetFightersUITests */,
				75E6FB5029BA4D350001F1FA /* Products */,
			);
			sourceTree = "<group>";
		};
		75E6FB5029BA4D350001F1FA /* Products */ = {
			isa = PBXGroup;
			children = (
				75E6FB4F29BA4D350001F1FA /* StreetFighters.app */,
				75E6FB6529BA4D370001F1FA /* StreetFightersTests.xctest */,
				75E6FB6F29BA4D370001F1FA /* StreetFightersUITests.xctest */,
			);
			name = Products;
			sourceTree = "<group>";
		};
		75E6FB5129BA4D350001F1FA /* StreetFighters */ = {
			isa = PBXGroup;
			children = (
				75E6FB5229BA4D350001F1FA /* AppDelegate.swift */,
				75E6FB5429BA4D350001F1FA /* SceneDelegate.swift */,
				75E6FB5629BA4D350001F1FA /* ViewController.swift */,
				75E6FB5829BA4D350001F1FA /* Main.storyboard */,
				75BDAB8029BBA3BA0022100C /* ModalScreenViewController.swift */,
				75BDAB7C29BB8E100022100C /* SecondViewController.swift */,
				75E6FB8629BA53C30001F1FA /* Game.swift */,
				75E6FB8229BA539E0001F1FA /* MyCustomTableViewCellXIB.swift */,
				75E6FB8329BA539E0001F1FA /* MyCustomTableViewCellXIB.xib */,
				75E6FB5B29BA4D360001F1FA /* Assets.xcassets */,
				75E6FB5D29BA4D360001F1FA /* LaunchScreen.storyboard */,
				75E6FB6029BA4D360001F1FA /* Info.plist */,
			);
			path = StreetFighters;
			sourceTree = "<group>";
		};
		75E6FB6829BA4D370001F1FA /* StreetFightersTests */ = {
			isa = PBXGroup;
			children = (
				75E6FB6929BA4D370001F1FA /* StreetFightersTests.swift */,
			);
			path = StreetFightersTests;
			sourceTree = "<group>";
		};
		75E6FB7229BA4D370001F1FA /* StreetFightersUITests */ = {
			isa = PBXGroup;
			children = (
				75E6FB7329BA4D370001F1FA /* StreetFightersUITests.swift */,
				75E6FB7529BA4D370001F1FA /* StreetFightersUITestsLaunchTests.swift */,
			);
			path = StreetFightersUITests;
			sourceTree = "<group>";
		};
/* End PBXGroup section */

/* Begin PBXNativeTarget section */
		75E6FB4E29BA4D350001F1FA /* StreetFighters */ = {
			isa = PBXNativeTarget;
			buildConfigurationList = 75E6FB7929BA4D370001F1FA /* Build configuration list for PBXNativeTarget "StreetFighters" */;
			buildPhases = (
				75E6FB4B29BA4D350001F1FA /* Sources */,
				75E6FB4C29BA4D350001F1FA /* Frameworks */,
				75E6FB4D29BA4D350001F1FA /* Resources */,
			);
			buildRules = (
			);
			dependencies = (
			);
			name = StreetFighters;
			productName = StreetFighters;
			productReference = 75E6FB4F29BA4D350001F1FA /* StreetFighters.app */;
			productType = "com.apple.product-type.application";
		};
		75E6FB6429BA4D370001F1FA /* StreetFightersTests */ = {
			isa = PBXNativeTarget;
			buildConfigurationList = 75E6FB7C29BA4D370001F1FA /* Build configuration list for PBXNativeTarget "StreetFightersTests" */;
			buildPhases = (
				75E6FB6129BA4D370001F1FA /* Sources */,
				75E6FB6229BA4D370001F1FA /* Frameworks */,
				75E6FB6329BA4D370001F1FA /* Resources */,
			);
			buildRules = (
			);
			dependencies = (
				75E6FB6729BA4D370001F1FA /* PBXTargetDependency */,
			);
			name = StreetFightersTests;
			productName = StreetFightersTests;
			productReference = 75E6FB6529BA4D370001F1FA /* StreetFightersTests.xctest */;
			productType = "com.apple.product-type.bundle.unit-test";
		};
		75E6FB6E29BA4D370001F1FA /* StreetFightersUITests */ = {
			isa = PBXNativeTarget;
			buildConfigurationList = 75E6FB7F29BA4D370001F1FA /* Build configuration list for PBXNativeTarget "StreetFightersUITests" */;
			buildPhases = (
				75E6FB6B29BA4D370001F1FA /* Sources */,
				75E6FB6C29BA4D370001F1FA /* Frameworks */,
				75E6FB6D29BA4D370001F1FA /* Resources */,
			);
			buildRules = (
			);
			dependencies = (
				75E6FB7129BA4D370001F1FA /* PBXTargetDependency */,
			);
			name = StreetFightersUITests;
			productName = StreetFightersUITests;
			productReference = 75E6FB6F29BA4D370001F1FA /* StreetFightersUITests.xctest */;
			productType = "com.apple.product-type.bundle.ui-testing";
		};
/* End PBXNativeTarget section */

/* Begin PBXProject section */
		75E6FB4729BA4D350001F1FA /* Project object */ = {
			isa = PBXProject;
			attributes = {
				BuildIndependentTargetsInParallel = 1;
				LastSwiftUpdateCheck = 1420;
				LastUpgradeCheck = 1420;
				TargetAttributes = {
					75E6FB4E29BA4D350001F1FA = {
						CreatedOnToolsVersion = 14.2;
					};
					75E6FB6429BA4D370001F1FA = {
						CreatedOnToolsVersion = 14.2;
						TestTargetID = 75E6FB4E29BA4D350001F1FA;
					};
					75E6FB6E29BA4D370001F1FA = {
						CreatedOnToolsVersion = 14.2;
						TestTargetID = 75E6FB4E29BA4D350001F1FA;
					};
				};
			};
			buildConfigurationList = 75E6FB4A29BA4D350001F1FA /* Build configuration list for PBXProject "StreetFighters" */;
			compatibilityVersion = "Xcode 14.0";
			developmentRegion = en;
			hasScannedForEncodings = 0;
			knownRegions = (
				en,
				Base,
			);
			mainGroup = 75E6FB4629BA4D350001F1FA;
			productRefGroup = 75E6FB5029BA4D350001F1FA /* Products */;
			projectDirPath = "";
			projectRoot = "";
			targets = (
				75E6FB4E29BA4D350001F1FA /* StreetFighters */,
				75E6FB6429BA4D370001F1FA /* StreetFightersTests */,
				75E6FB6E29BA4D370001F1FA /* StreetFightersUITests */,
			);
		};
/* End PBXProject section */

/* Begin PBXResourcesBuildPhase section */
		75E6FB4D29BA4D350001F1FA /* Resources */ = {
			isa = PBXResourcesBuildPhase;
			buildActionMask = 2147483647;
			files = (
				75E6FB8529BA539E0001F1FA /* MyCustomTableViewCellXIB.xib in Resources */,
				75E6FB5F29BA4D360001F1FA /* LaunchScreen.storyboard in Resources */,
				75E6FB5C29BA4D360001F1FA /* Assets.xcassets in Resources */,
				75E6FB5A29BA4D350001F1FA /* Main.storyboard in Resources */,
			);
			runOnlyForDeploymentPostprocessing = 0;
		};
		75E6FB6329BA4D370001F1FA /* Resources */ = {
			isa = PBXResourcesBuildPhase;
			buildActionMask = 2147483647;
			files = (
			);
			runOnlyForDeploymentPostprocessing = 0;
		};
		75E6FB6D29BA4D370001F1FA /* Resources */ = {
			isa = PBXResourcesBuildPhase;
			buildActionMask = 2147483647;
			files = (
			);
			runOnlyForDeploymentPostprocessing = 0;
		};
/* End PBXResourcesBuildPhase section */

/* Begin PBXSourcesBuildPhase section */
		75E6FB4B29BA4D350001F1FA /* Sources */ = {
			isa = PBXSourcesBuildPhase;
			buildActionMask = 2147483647;
			files = (
				75BDAB7D29BB8E100022100C /* SecondViewController.swift in Sources */,
				75BDAB8129BBA3BA0022100C /* ModalScreenViewController.swift in Sources */,
				75E6FB8429BA539E0001F1FA /* MyCustomTableViewCellXIB.swift in Sources */,
				75E6FB8729BA53C30001F1FA /* Game.swift in Sources */,
				75E6FB5729BA4D350001F1FA /* ViewController.swift in Sources */,
				75E6FB5329BA4D350001F1FA /* AppDelegate.swift in Sources */,
				75E6FB5529BA4D350001F1FA /* SceneDelegate.swift in Sources */,
			);
			runOnlyForDeploymentPostprocessing = 0;
		};
		75E6FB6129BA4D370001F1FA /* Sources */ = {
			isa = PBXSourcesBuildPhase;
			buildActionMask = 2147483647;
			files = (
				75E6FB6A29BA4D370001F1FA /* StreetFightersTests.swift in Sources */,
			);
			runOnlyForDeploymentPostprocessing = 0;
		};
		75E6FB6B29BA4D370001F1FA /* Sources */ = {
			isa = PBXSourcesBuildPhase;
			buildActionMask = 2147483647;
			files = (
				75E6FB7429BA4D370001F1FA /* StreetFightersUITests.swift in Sources */,
				75E6FB7629BA4D370001F1FA /* StreetFightersUITestsLaunchTests.swift in Sources */,
			);
			runOnlyForDeploymentPostprocessing = 0;
		};
/* End PBXSourcesBuildPhase section */

/* Begin PBXTargetDependency section */
		75E6FB6729BA4D370001F1FA /* PBXTargetDependency */ = {
			isa = PBXTargetDependency;
			target = 75E6FB4E29BA4D350001F1FA /* StreetFighters */;
			targetProxy = 75E6FB6629BA4D370001F1FA /* PBXContainerItemProxy */;
		};
		75E6FB7129BA4D370001F1FA /* PBXTargetDependency */ = {
			isa = PBXTargetDependency;
			target = 75E6FB4E29BA4D350001F1FA /* StreetFighters */;
			targetProxy = 75E6FB7029BA4D370001F1FA /* PBXContainerItemProxy */;
		};
/* End PBXTargetDependency section */

/* Begin PBXVariantGroup section */
		75E6FB5829BA4D350001F1FA /* Main.storyboard */ = {
			isa = PBXVariantGroup;
			children = (
				75E6FB5929BA4D350001F1FA /* Base */,
			);
			name = Main.storyboard;
			sourceTree = "<group>";
		};
		75E6FB5D29BA4D360001F1FA /* LaunchScreen.storyboard */ = {
			isa = PBXVariantGroup;
			children = (
				75E6FB5E29BA4D360001F1FA /* Base */,
			);
			name = LaunchScreen.storyboard;
			sourceTree = "<group>";
		};
/* End PBXVariantGroup section */

/* Begin XCBuildConfiguration section */
		75E6FB7729BA4D370001F1FA /* Debug */ = {
			isa = XCBuildConfiguration;
			buildSettings = {
				ALWAYS_SEARCH_USER_PATHS = NO;
				CLANG_ANALYZER_NONNULL = YES;
				CLANG_ANALYZER_NUMBER_OBJECT_CONVERSION = YES_AGGRESSIVE;
				CLANG_CXX_LANGUAGE_STANDARD = "gnu++20";
				CLANG_ENABLE_MODULES = YES;
				CLANG_ENABLE_OBJC_ARC = YES;
				CLANG_ENABLE_OBJC_WEAK = YES;
				CLANG_WARN_BLOCK_CAPTURE_AUTORELEASING = YES;
				CLANG_WARN_BOOL_CONVERSION = YES;
				CLANG_WARN_COMMA = YES;
				CLANG_WARN_CONSTANT_CONVERSION = YES;
				CLANG_WARN_DEPRECATED_OBJC_IMPLEMENTATIONS = YES;
				CLANG_WARN_DIRECT_OBJC_ISA_USAGE = YES_ERROR;
				CLANG_WARN_DOCUMENTATION_COMMENTS = YES;
				CLANG_WARN_EMPTY_BODY = YES;
				CLANG_WARN_ENUM_CONVERSION = YES;
				CLANG_WARN_INFINITE_RECURSION = YES;
				CLANG_WARN_INT_CONVERSION = YES;
				CLANG_WARN_NON_LITERAL_NULL_CONVERSION = YES;
				CLANG_WARN_OBJC_IMPLICIT_RETAIN_SELF = YES;
				CLANG_WARN_OBJC_LITERAL_CONVERSION = YES;
				CLANG_WARN_OBJC_ROOT_CLASS = YES_ERROR;
				CLANG_WARN_QUOTED_INCLUDE_IN_FRAMEWORK_HEADER = YES;
				CLANG_WARN_RANGE_LOOP_ANALYSIS = YES;
				CLANG_WARN_STRICT_PROTOTYPES = YES;
				CLANG_WARN_SUSPICIOUS_MOVE = YES;
				CLANG_WARN_UNGUARDED_AVAILABILITY = YES_AGGRESSIVE;
				CLANG_WARN_UNREACHABLE_CODE = YES;
				CLANG_WARN__DUPLICATE_METHOD_MATCH = YES;
				COPY_PHASE_STRIP = NO;
				DEBUG_INFORMATION_FORMAT = dwarf;
				ENABLE_STRICT_OBJC_MSGSEND = YES;
				ENABLE_TESTABILITY = YES;
				GCC_C_LANGUAGE_STANDARD = gnu11;
				GCC_DYNAMIC_NO_PIC = NO;
				GCC_NO_COMMON_BLOCKS = YES;
				GCC_OPTIMIZATION_LEVEL = 0;
				GCC_PREPROCESSOR_DEFINITIONS = (
					"DEBUG=1",
					"$(inherited)",
				);
				GCC_WARN_64_TO_32_BIT_CONVERSION = YES;
				GCC_WARN_ABOUT_RETURN_TYPE = YES_ERROR;
				GCC_WARN_UNDECLARED_SELECTOR = YES;
				GCC_WARN_UNINITIALIZED_AUTOS = YES_AGGRESSIVE;
				GCC_WARN_UNUSED_FUNCTION = YES;
				GCC_WARN_UNUSED_VARIABLE = YES;
				IPHONEOS_DEPLOYMENT_TARGET = 16.2;
				MTL_ENABLE_DEBUG_INFO = INCLUDE_SOURCE;
				MTL_FAST_MATH = YES;
				ONLY_ACTIVE_ARCH = YES;
				SDKROOT = iphoneos;
				SWIFT_ACTIVE_COMPILATION_CONDITIONS = DEBUG;
				SWIFT_OPTIMIZATION_LEVEL = "-Onone";
			};
			name = Debug;
		};
		75E6FB7829BA4D370001F1FA /* Release */ = {
			isa = XCBuildConfiguration;
			buildSettings = {
				ALWAYS_SEARCH_USER_PATHS = NO;
				CLANG_ANALYZER_NONNULL = YES;
				CLANG_ANALYZER_NUMBER_OBJECT_CONVERSION = YES_AGGRESSIVE;
				CLANG_CXX_LANGUAGE_STANDARD = "gnu++20";
				CLANG_ENABLE_MODULES = YES;
				CLANG_ENABLE_OBJC_ARC = YES;
				CLANG_ENABLE_OBJC_WEAK = YES;
				CLANG_WARN_BLOCK_CAPTURE_AUTORELEASING = YES;
				CLANG_WARN_BOOL_CONVERSION = YES;
				CLANG_WARN_COMMA = YES;
				CLANG_WARN_CONSTANT_CONVERSION = YES;
				CLANG_WARN_DEPRECATED_OBJC_IMPLEMENTATIONS = YES;
				CLANG_WARN_DIRECT_OBJC_ISA_USAGE = YES_ERROR;
				CLANG_WARN_DOCUMENTATION_COMMENTS = YES;
				CLANG_WARN_EMPTY_BODY = YES;
				CLANG_WARN_ENUM_CONVERSION = YES;
				CLANG_WARN_INFINITE_RECURSION = YES;
				CLANG_WARN_INT_CONVERSION = YES;
				CLANG_WARN_NON_LITERAL_NULL_CONVERSION = YES;
				CLANG_WARN_OBJC_IMPLICIT_RETAIN_SELF = YES;
				CLANG_WARN_OBJC_LITERAL_CONVERSION = YES;
				CLANG_WARN_OBJC_ROOT_CLASS = YES_ERROR;
				CLANG_WARN_QUOTED_INCLUDE_IN_FRAMEWORK_HEADER = YES;
				CLANG_WARN_RANGE_LOOP_ANALYSIS = YES;
				CLANG_WARN_STRICT_PROTOTYPES = YES;
				CLANG_WARN_SUSPICIOUS_MOVE = YES;
				CLANG_WARN_UNGUARDED_AVAILABILITY = YES_AGGRESSIVE;
				CLANG_WARN_UNREACHABLE_CODE = YES;
				CLANG_WARN__DUPLICATE_METHOD_MATCH = YES;
				COPY_PHASE_STRIP = NO;
				DEBUG_INFORMATION_FORMAT = "dwarf-with-dsym";
				ENABLE_NS_ASSERTIONS = NO;
				ENABLE_STRICT_OBJC_MSGSEND = YES;
				GCC_C_LANGUAGE_STANDARD = gnu11;
				GCC_NO_COMMON_BLOCKS = YES;
				GCC_WARN_64_TO_32_BIT_CONVERSION = YES;
				GCC_WARN_ABOUT_RETURN_TYPE = YES_ERROR;
				GCC_WARN_UNDECLARED_SELECTOR = YES;
				GCC_WARN_UNINITIALIZED_AUTOS = YES_AGGRESSIVE;
				GCC_WARN_UNUSED_FUNCTION = YES;
				GCC_WARN_UNUSED_VARIABLE = YES;
				IPHONEOS_DEPLOYMENT_TARGET = 16.2;
				MTL_ENABLE_DEBUG_INFO = NO;
				MTL_FAST_MATH = YES;
				SDKROOT = iphoneos;
				SWIFT_COMPILATION_MODE = wholemodule;
				SWIFT_OPTIMIZATION_LEVEL = "-O";
				VALIDATE_PRODUCT = YES;
			};
			name = Release;
		};
		75E6FB7A29BA4D370001F1FA /* Debug */ = {
			isa = XCBuildConfiguration;
			buildSettings = {
				ASSETCATALOG_COMPILER_APPICON_NAME = AppIcon;
				ASSETCATALOG_COMPILER_GLOBAL_ACCENT_COLOR_NAME = AccentColor;
				CODE_SIGN_STYLE = Automatic;
				CURRENT_PROJECT_VERSION = 1;
				GENERATE_INFOPLIST_FILE = YES;
				INFOPLIST_FILE = StreetFighters/Info.plist;
				INFOPLIST_KEY_UIApplicationSupportsIndirectInputEvents = YES;
				INFOPLIST_KEY_UILaunchStoryboardName = LaunchScreen;
				INFOPLIST_KEY_UIMainStoryboardFile = Main;
				INFOPLIST_KEY_UISupportedInterfaceOrientations_iPad = "UIInterfaceOrientationPortrait UIInterfaceOrientationPortraitUpsideDown UIInterfaceOrientationLandscapeLeft UIInterfaceOrientationLandscapeRight";
				INFOPLIST_KEY_UISupportedInterfaceOrientations_iPhone = "UIInterfaceOrientationPortrait UIInterfaceOrientationLandscapeLeft UIInterfaceOrientationLandscapeRight";
				LD_RUNPATH_SEARCH_PATHS = (
					"$(inherited)",
					"@executable_path/Frameworks",
				);
				MARKETING_VERSION = 1.0;
				PRODUCT_BUNDLE_IDENTIFIER = GilmarAmaro.StreetFighters;
				PRODUCT_NAME = "$(TARGET_NAME)";
				SWIFT_EMIT_LOC_STRINGS = YES;
				SWIFT_VERSION = 5.0;
				TARGETED_DEVICE_FAMILY = "1,2";
			};
			name = Debug;
		};
		75E6FB7B29BA4D370001F1FA /* Release */ = {
			isa = XCBuildConfiguration;
			buildSettings = {
				ASSETCATALOG_COMPILER_APPICON_NAME = AppIcon;
				ASSETCATALOG_COMPILER_GLOBAL_ACCENT_COLOR_NAME = AccentColor;
				CODE_SIGN_STYLE = Automatic;
				CURRENT_PROJECT_VERSION = 1;
				GENERATE_INFOPLIST_FILE = YES;
				INFOPLIST_FILE = StreetFighters/Info.plist;
				INFOPLIST_KEY_UIApplicationSupportsIndirectInputEvents = YES;
				INFOPLIST_KEY_UILaunchStoryboardName = LaunchScreen;
				INFOPLIST_KEY_UIMainStoryboardFile = Main;
				INFOPLIST_KEY_UISupportedInterfaceOrientations_iPad = "UIInterfaceOrientationPortrait UIInterfaceOrientationPortraitUpsideDown UIInterfaceOrientationLandscapeLeft UIInterfaceOrientationLandscapeRight";
				INFOPLIST_KEY_UISupportedInterfaceOrientations_iPhone = "UIInterfaceOrientationPortrait UIInterfaceOrientationLandscapeLeft UIInterfaceOrientationLandscapeRight";
				LD_RUNPATH_SEARCH_PATHS = (
					"$(inherited)",
					"@executable_path/Frameworks",
				);
				MARKETING_VERSION = 1.0;
				PRODUCT_BUNDLE_IDENTIFIER = GilmarAmaro.StreetFighters;
				PRODUCT_NAME = "$(TARGET_NAME)";
				SWIFT_EMIT_LOC_STRINGS = YES;
				SWIFT_VERSION = 5.0;
				TARGETED_DEVICE_FAMILY = "1,2";
			};
			name = Release;
		};
		75E6FB7D29BA4D370001F1FA /* Debug */ = {
			isa = XCBuildConfiguration;
			buildSettings = {
				ALWAYS_EMBED_SWIFT_STANDARD_LIBRARIES = YES;
				BUNDLE_LOADER = "$(TEST_HOST)";
				CODE_SIGN_STYLE = Automatic;
				CURRENT_PROJECT_VERSION = 1;
				GENERATE_INFOPLIST_FILE = YES;
				IPHONEOS_DEPLOYMENT_TARGET = 16.2;
				MARKETING_VERSION = 1.0;
				PRODUCT_BUNDLE_IDENTIFIER = GilmarAmaro.StreetFightersTests;
				PRODUCT_NAME = "$(TARGET_NAME)";
				SWIFT_EMIT_LOC_STRINGS = NO;
				SWIFT_VERSION = 5.0;
				TARGETED_DEVICE_FAMILY = "1,2";
				TEST_HOST = "$(BUILT_PRODUCTS_DIR)/StreetFighters.app/$(BUNDLE_EXECUTABLE_FOLDER_PATH)/StreetFighters";
			};
			name = Debug;
		};
		75E6FB7E29BA4D370001F1FA /* Release */ = {
			isa = XCBuildConfiguration;
			buildSettings = {
				ALWAYS_EMBED_SWIFT_STANDARD_LIBRARIES = YES;
				BUNDLE_LOADER = "$(TEST_HOST)";
				CODE_SIGN_STYLE = Automatic;
				CURRENT_PROJECT_VERSION = 1;
				GENERATE_INFOPLIST_FILE = YES;
				IPHONEOS_DEPLOYMENT_TARGET = 16.2;
				MARKETING_VERSION = 1.0;
				PRODUCT_BUNDLE_IDENTIFIER = GilmarAmaro.StreetFightersTests;
				PRODUCT_NAME = "$(TARGET_NAME)";
				SWIFT_EMIT_LOC_STRINGS = NO;
				SWIFT_VERSION = 5.0;
				TARGETED_DEVICE_FAMILY = "1,2";
				TEST_HOST = "$(BUILT_PRODUCTS_DIR)/StreetFighters.app/$(BUNDLE_EXECUTABLE_FOLDER_PATH)/StreetFighters";
			};
			name = Release;
		};
		75E6FB8029BA4D370001F1FA /* Debug */ = {
			isa = XCBuildConfiguration;
			buildSettings = {
				ALWAYS_EMBED_SWIFT_STANDARD_LIBRARIES = YES;
				CODE_SIGN_STYLE = Automatic;
				CURRENT_PROJECT_VERSION = 1;
				GENERATE_INFOPLIST_FILE = YES;
				MARKETING_VERSION = 1.0;
				PRODUCT_BUNDLE_IDENTIFIER = GilmarAmaro.StreetFightersUITests;
				PRODUCT_NAME = "$(TARGET_NAME)";
				SWIFT_EMIT_LOC_STRINGS = NO;
				SWIFT_VERSION = 5.0;
				TARGETED_DEVICE_FAMILY = "1,2";
				TEST_TARGET_NAME = StreetFighters;
			};
			name = Debug;
		};
		75E6FB8129BA4D370001F1FA /* Release */ = {
			isa = XCBuildConfiguration;
			buildSettings = {
				ALWAYS_EMBED_SWIFT_STANDARD_LIBRARIES = YES;
				CODE_SIGN_STYLE = Automatic;
				CURRENT_PROJECT_VERSION = 1;
				GENERATE_INFOPLIST_FILE = YES;
				MARKETING_VERSION = 1.0;
				PRODUCT_BUNDLE_IDENTIFIER = GilmarAmaro.StreetFightersUITests;
				PRODUCT_NAME = "$(TARGET_NAME)";
				SWIFT_EMIT_LOC_STRINGS = NO;
				SWIFT_VERSION = 5.0;
				TARGETED_DEVICE_FAMILY = "1,2";
				TEST_TARGET_NAME = StreetFighters;
			};
			name = Release;
		};
/* End XCBuildConfiguration section */

/* Begin XCConfigurationList section */
		75E6FB4A29BA4D350001F1FA /* Build configuration list for PBXProject "StreetFighters" */ = {
			isa = XCConfigurationList;
			buildConfigurations = (
				75E6FB7729BA4D370001F1FA /* Debug */,
				75E6FB7829BA4D370001F1FA /* Release */,
			);
			defaultConfigurationIsVisible = 0;
			defaultConfigurationName = Release;
		};
		75E6FB7929BA4D370001F1FA /* Build configuration list for PBXNativeTarget "StreetFighters" */ = {
			isa = XCConfigurationList;
			buildConfigurations = (
				75E6FB7A29BA4D370001F1FA /* Debug */,
				75E6FB7B29BA4D370001F1FA /* Release */,
			);
			defaultConfigurationIsVisible = 0;
			defaultConfigurationName = Release;
		};
		75E6FB7C29BA4D370001F1FA /* Build configuration list for PBXNativeTarget "StreetFightersTests" */ = {
			isa = XCConfigurationList;
			buildConfigurations = (
				75E6FB7D29BA4D370001F1FA /* Debug */,
				75E6FB7E29BA4D370001F1FA /* Release */,
			);
			defaultConfigurationIsVisible = 0;
			defaultConfigurationName = Release;
		};
		75E6FB7F29BA4D370001F1FA /* Build configuration list for PBXNativeTarget "StreetFightersUITests" */ = {
			isa = XCConfigurationList;
			buildConfigurations = (
				75E6FB8029BA4D370001F1FA /* Debug */,
				75E6FB8129BA4D370001F1FA /* Release */,
			);
			defaultConfigurationIsVisible = 0;
			defaultConfigurationName = Release;
		};
/* End XCConfigurationList section */
	};
	rootObject = 75E6FB4729BA4D350001F1FA /* Project object */;
}
